{
  "name": "codex-guard",
  "version": "1.10.0",
  "lockfileVersion": 3,
  "requires": true,
  "packages": {
    "": {
      "name": "codex-guard",
      "version": "1.10.0",
      "license": "MIT",
      "dependencies": {
        "@actions/core": "^2.0.3",
        "@actions/github": "^8.0.1",
        "js-yaml": "^5.3.0"
      },
      "bin": {
        "codex-guard": "src/cli.js"
      },
      "devDependencies": {
        "@deepseek-ai/cordis": "^4.0.1",
        "@deepseek-ai/dsh-tools": "^0.0.1-rc.1",
        "@vercel/ncc": "^0.45.0"
      },
      "engines": {
        "node": ">=20"
      }
    },
    "node_modules/@actions/core": {
      "version": "2.0.3",
      "resolved": "https://registry.npmjs.org/@actions/core/-/core-2.0.3.tgz",
      "integrity": "sha512-Od9Thc3T1mQJYddvVPM4QGiLUewdh+3txmDYHHxoNdkqysR1MbCT+rFOtNUxYAz+7+6RIsqipVahY2GJqGPyxA==",
      "license": "MIT",
      "dependencies": {
        "@actions/exec": "^2.0.0",
        "@actions/http-client": "^3.0.2"
      }
    },
    "node_modules/@actions/exec": {
      "version": "2.0.0",
      "resolved": "https://registry.npmjs.org/@actions/exec/-/exec-2.0.0.tgz",
      "integrity": "sha512-k8ngrX2voJ/RIN6r9xB82NVqKpnMRtxDoiO+g3olkIUpQNqjArXrCQceduQZCQj3P3xm32pChRLqRrtXTlqhIw==",
      "license": "MIT",
      "dependencies": {
        "@actions/io": "^2.0.0"
      }
    },
    "node_modules/@actions/github": {
      "version": "8.0.1",
      "resolved": "https://registry.npmjs.org/@actions/github/-/github-8.0.1.tgz",
      "integrity": "sha512-cue7mS+kx1/2Dnc/094pitRUm+0uPXVXYVaqOdZwD15BsXATWYHW3idJDYOlyBc5gJlzAQ/w5YLU4LR8D7hjVg==",
      "license": "MIT",
      "dependencies": {
        "@actions/http-client": "^3.0.2",
        "@octokit/core": "^7.0.6",
        "@octokit/plugin-paginate-rest": "^14.0.0",
        "@octokit/plugin-rest-endpoint-methods": "^17.0.0",
        "@octokit/request": "^10.0.7",
        "@octokit/request-error": "^7.1.0",
        "undici": "^6.23.0"
      }
    },
    "node_modules/@actions/http-client": {
      "version": "3.0.2",
      "resolved": "https://registry.npmjs.org/@actions/http-client/-/http-client-3.0.2.tgz",
      "integrity": "sha512-JP38FYYpyqvUsz+Igqlc/JG6YO9PaKuvqjM3iGvaLqFnJ7TFmcLyy2IDrY0bI0qCQug8E9K+elv5ZNfw62ZJzA==",
      "license": "MIT",
      "dependencies": {
        "tunnel": "^0.0.6",
        "undici": "^6.23.0"
      }
    },
    "node_modules/@actions/io": {
      "version": "2.0.0",
      "resolved": "https://registry.npmjs.org/@actions/io/-/io-2.0.0.tgz",
      "integrity": "sha512-Jv33IN09XLO+0HS79aaODsvIRyduiF7NY/F6LYeK5oeUmrsz7aFdRphQjFoESF4jS7lMauDOttKALcpapVDIAg==",
      "license": "MIT"
    },
    "node_modules/@deepseek-ai/cordis": {
      "version": "4.0.1",
      "resolved": "https://registry.npmjs.org/@deepseek-ai/cordis/-/cordis-4.0.1.tgz",
      "integrity": "sha512-YBdskTU2Po1kru3GgcUWUbkTsPMA9LkSQDAY8rBkFJeajdgcQad3QPJZE26JyK99Xb6HaASvoXg2DSUTeN/0Nw==",
      "dev": true,
      "license": "MIT",
      "dependencies": {
        "@deepseek-ai/cosmokit": "^1.8.2",
        "@standard-schema/spec": "^1.1.0"
      },
      "bin": {
        "cordis": "bin.js"
      },
      "peerDependencies": {
        "@deepseek-ai/cordis-plugin-include": "^1.0.6",
        "@deepseek-ai/cordis-plugin-loader": "^1.0.2"
      },
      "peerDependenciesMeta": {
        "@deepseek-ai/cordis-plugin-include": {
          "optional": true
        },
        "@deepseek-ai/cordis-plugin-loader": {
          "optional": true
        }
      }
    },
    "node_modules/@deepseek-ai/cosmokit": {
      "version": "1.8.2",
      "resolved": "https://registry.npmjs.org/@deepseek-ai/cosmokit/-/cosmokit-1.8.2.tgz",
      "integrity": "sha512-muBOKtSrUKU5m/xpq8ZXWL6hQ/jgd4PhU2PqH97bcxIiLEJfNwZOGQEx4t/aS/GgxRAR+ra9pMHPMtTHU4sqqA==",
      "dev": true,
      "license": "MIT"
    },
    "node_modules/@deepseek-ai/dsh-agent": {
      "version": "0.0.1-rc.5",
      "resolved": "https://registry.npmjs.org/@deepseek-ai/dsh-agent/-/dsh-agent-0.0.1-rc.5.tgz",
      "integrity": "sha512-eJoG89GRf8d7SCjGiSsC5g0fPijuNnJWIis5MmzIRoPSEv73PFOYs+EBHDEpPCQkFNmQjYtviiFhbhNPg9+3CQ==",
      "dev": true,
      "license": "BSD-3-Clause",
      "peer": true,
      "peerDependencies": {
        "@deepseek-ai/cordis": "^4.0.1-rc.4",
        "@deepseek-ai/dsh-invariants": "^0.0.1-rc.5",
        "@deepseek-ai/dsh-llm": "^0.0.1-rc.5",
        "@deepseek-ai/dsh-scope": "^0.0.1-rc.5",
        "@deepseek-ai/dsh-session": "^0.0.1-rc.5",
        "@deepseek-ai/dsh-system-prompt": "^0.0.1-rc.5",
        "@deepseek-ai/dsh-typert-protocol": "^0.0.1-rc.5"
      }
    },
    "node_modules/@deepseek-ai/dsh-attachment": {
      "version": "0.0.1-rc.5",
      "resolved": "https://registry.npmjs.org/@deepseek-ai/dsh-attachment/-/dsh-attachment-0.0.1-rc.5.tgz",
      "integrity": "sha512-mjv3gtW39nFJX0MQHZlW9PBlZVLDUZ5HqCfr2gr+ypPQ86RNtHzmLI/9XHF0xcMkT8VMCs6x53bipi87BEQMCg==",
      "dev": true,
      "license": "BSD-3-Clause",
      "peer": true,
      "peerDependencies": {
        "@deepseek-ai/cordis": "^4.0.1-rc.4",
        "@deepseek-ai/dsh-brand": "^0.0.1-rc.5",
        "@deepseek-ai/dsh-invariants": "^0.0.1-rc.5"
      }
    },
    "node_modules/@deepseek-ai/dsh-brand": {
      "version": "0.0.1-rc.5",
      "resolved": "https://registry.npmjs.org/@deepseek-ai/dsh-brand/-/dsh-brand-0.0.1-rc.5.tgz",
      "integrity": "sha512-aVHMvG5hYLYIXUsvf9mfi0Fvr8w3oU6y1qbhiOiWUVSQu2pKkFgiKJGPIHhMLoj0q4IkewNvsVFQeECdsLLXYg==",
      "dev": true,
      "license": "BSD-3-Clause",
      "peer": true,
      "peerDependencies": {
        "@deepseek-ai/cordis": "^4.0.1-rc.4",
        "@deepseek-ai/dsh-invariants": "^0.0.1-rc.5"
      }
    },
    "node_modules/@deepseek-ai/dsh-code-runtime": {
      "version": "0.0.1-rc.1",
      "resolved": "https://registry.npmjs.org/@deepseek-ai/dsh-code-runtime/-/dsh-code-runtime-0.0.1-rc.1.tgz",
      "integrity": "sha512-lfHc2HevlivlnKWt876s1rOSov5PyR9tPpPiQFEs46jREF5JjwMdE8yTUbpEnBt9A97NZ+vKl2o7LbqVZPSSxg==",
      "dev": true,
      "license": "BSD-3-Clause",
      "peer": true,
      "peerDependencies": {
        "@deepseek-ai/cordis": "^4.0.1-rc.1",
        "@deepseek-ai/dsh-invariants": "^0.0.1-rc.1"
      }
    },
    "node_modules/@deepseek-ai/dsh-invariants": {
      "version": "0.0.1-rc.5",
      "resolved": "https://registry.npmjs.org/@deepseek-ai/dsh-invariants/-/dsh-invariants-0.0.1-rc.5.tgz",
      "integrity": "sha512-63LTrIMPAeJowv5E9Sr87w1SPs1Ign2/ofr+LPdrgAi4Pi32YFK9o4vSVv7osRHAIzlwxRCoFksythq+Jire3w==",
      "dev": true,
      "license": "BSD-3-Clause",
      "peer": true,
      "dependencies": {
        "@deepseek-ai/schemastery": "^3.18.1-rc.4"
      },
      "peerDependencies": {
        "@deepseek-ai/cordis": "^4.0.1-rc.4"
      }
    },
    "node_modules/@deepseek-ai/dsh-llm": {
      "version": "0.0.1-rc.5",
      "resolved": "https://registry.npmjs.org/@deepseek-ai/dsh-llm/-/dsh-llm-0.0.1-rc.5.tgz",
      "integrity": "sha512-+w+bYuimnZZwQshdEkZynFPH9FwYfRrEDkgnBshfkjDe1nqqH3h/K6amu8pcIZ2J8XaI6osAImyz7BAAuN589g==",
      "dev": true,
      "license": "BSD-3-Clause",
      "peer": true,
      "dependencies": {
        "@deepseek-ai/schemastery": "^3.18.1-rc.4"
      },
      "peerDependencies": {
        "@deepseek-ai/cordis": "^4.0.1-rc.4",
        "@deepseek-ai/dsh-attachment": "^0.0.1-rc.5",
        "@deepseek-ai/dsh-brand": "^0.0.1-rc.5",
        "@deepseek-ai/dsh-invariants": "^0.0.1-rc.5",
        "@deepseek-ai/dsh-timeout": "^0.0.1-rc.5"
      }
    },
    "node_modules/@deepseek-ai/dsh-scope": {
      "version": "0.0.1-rc.5",
      "resolved": "https://registry.npmjs.org/@deepseek-ai/dsh-scope/-/dsh-scope-0.0.1-rc.5.tgz",
      "integrity": "sha512-9dPbw8Lj2VMmbFqUKMlzhudSN/Z5xVY6otDMSKBqnF88WnOugslZXkYToOMQO8EUEJorE0d0M+aUAq4titzOwA==",
      "dev": true,
      "license": "BSD-3-Clause",
      "peer": true,
      "peerDependencies": {
        "@deepseek-ai/cordis": "^4.0.1-rc.4",
        "@deepseek-ai/dsh-invariants": "^0.0.1-rc.5"
      }
    },
    "node_modules/@deepseek-ai/dsh-session": {
      "version": "0.0.1-rc.5",
      "resolved": "https://registry.npmjs.org/@deepseek-ai/dsh-session/-/dsh-session-0.0.1-rc.5.tgz",
      "integrity": "sha512-/xFNk3scb0KXGKW9vjpW4drNTHVJYEw5gdW8xOPbgO+8/4AEtrS2m69P5ancdgcpufheLgJQ1H6sacFUAP1IpQ==",
      "dev": true,
      "license": "BSD-3-Clause",
      "peer": true,
      "peerDependencies": {
        "@deepseek-ai/cordis": "^4.0.1-rc.4",
        "@deepseek-ai/dsh-brand": "^0.0.1-rc.5",
        "@deepseek-ai/dsh-invariants": "^0.0.1-rc.5",
        "@deepseek-ai/dsh-llm": "^0.0.1-rc.5",
        "@deepseek-ai/dsh-scope": "^0.0.1-rc.5",
        "@deepseek-ai/dsh-typert-protocol": "^0.0.1-rc.5"
      }
    },
    "node_modules/@deepseek-ai/dsh-system-prompt": {
      "version": "0.0.1-rc.5",
      "resolved": "https://registry.npmjs.org/@deepseek-ai/dsh-system-prompt/-/dsh-system-prompt-0.0.1-rc.5.tgz",
      "integrity": "sha512-IMB3dT8ErPWq15tIXdItQ+OOzHKYdLGl6vwNkeZf2n3hlw0bxDzj1AmLCgE4vDByDue9BQTWl4cMfNN0NxVMfA==",
      "dev": true,
      "license": "BSD-3-Clause",
      "peer": true,
      "dependencies": {
        "@deepseek-ai/schemastery": "^3.18.1-rc.4"
      },
      "peerDependencies": {
        "@deepseek-ai/cordis": "^4.0.1-rc.4",
        "@deepseek-ai/dsh-invariants": "^0.0.1-rc.5",
        "@deepseek-ai/dsh-llm": "^0.0.1-rc.5",
        "@deepseek-ai/dsh-scope": "^0.0.1-rc.5"
      }
    },
    "node_modules/@deepseek-ai/dsh-timeout": {
      "version": "0.0.1-rc.5",
      "resolved": "https://registry.npmjs.org/@deepseek-ai/dsh-timeout/-/dsh-timeout-0.0.1-rc.5.tgz",
      "integrity": "sha512-SxuBtgHCQx5bOqua/U/5H2jMio8w1SXpjcDqmd0WBZ7OvmgnLovvbmCrEQeH0jtbkqL25yEZ/dDCr6cE27Pi5Q==",
      "dev": true,
      "license": "BSD-3-Clause",
      "peer": true,
      "peerDependencies": {
        "@deepseek-ai/cordis": "^4.0.1-rc.4",
        "@deepseek-ai/dsh-invariants": "^0.0.1-rc.5"
      }
    },
    "node_modules/@deepseek-ai/dsh-tools": {
      "version": "0.0.1-rc.1",
      "resolved": "https://registry.npmjs.org/@deepseek-ai/dsh-tools/-/dsh-tools-0.0.1-rc.1.tgz",
      "integrity": "sha512-mrtq+UXc6UVidrGo4GM8RAH0Gqc4iFOmtPeQAz59Phhjl3EmzkFI0Mo6dQlHQamrc2J9jppPtGtUzW9qHmwxDQ==",
      "dev": true,
      "license": "BSD-3-Clause",
      "dependencies": {
        "@deepseek-ai/schemastery": "^3.18.1-rc.1"
      },
      "peerDependencies": {
        "@deepseek-ai/cordis": "^4.0.1-rc.1",
        "@deepseek-ai/dsh-agent": "^0.0.1-rc.1",
        "@deepseek-ai/dsh-code-runtime": "^0.0.1-rc.1",
        "@deepseek-ai/dsh-invariants": "^0.0.1-rc.1",
        "@deepseek-ai/dsh-llm": "^0.0.1-rc.1",
        "@deepseek-ai/dsh-scope": "^0.0.1-rc.1",
        "@deepseek-ai/dsh-session": "^0.0.1-rc.1",
        "@deepseek-ai/dsh-system-prompt": "^0.0.1-rc.1",
        "@deepseek-ai/dsh-user-approval": "^0.0.1-rc.1"
      }
    },
    "node_modules/@deepseek-ai/dsh-typert-protocol": {
      "version": "0.0.1-rc.5",
      "resolved": "https://registry.npmjs.org/@deepseek-ai/dsh-typert-protocol/-/dsh-typert-protocol-0.0.1-rc.5.tgz",
      "integrity": "sha512-8ierrjmlloXATrJHeIE6EeItOT0M1kPmk+MTvV4600CD1XuAigVpktYc4HsbXw5jaKzt/jQK4eRCARYWeuvwhw==",
      "dev": true,
      "license": "BSD-3-Clause",
      "peer": true,
      "peerDependencies": {
        "@deepseek-ai/cordis": "^4.0.1-rc.4",
        "@deepseek-ai/dsh-invariants": "^0.0.1-rc.5"
      }
    },
    "node_modules/@deepseek-ai/dsh-user-approval": {
      "version": "0.0.1-rc.1",
      "resolved": "https://registry.npmjs.org/@deepseek-ai/dsh-user-approval/-/dsh-user-approval-0.0.1-rc.1.tgz",
      "integrity": "sha512-28J7iT2fl9I0haeCRwVIWqhFBO3xG+A1GAdfhLJG/9YkB0F3Cs6FUoRtNQ7pjxkJ6QzELY/gRBE7axCP0ETHcA==",
      "dev": true,
      "license": "BSD-3-Clause",
      "peer": true,
      "dependencies": {
        "@deepseek-ai/schemastery": "^3.18.1-rc.1"
      },
      "peerDependencies": {
        "@deepseek-ai/cordis": "^4.0.1-rc.1",
        "@deepseek-ai/dsh-agent": "^0.0.1-rc.1",
        "@deepseek-ai/dsh-brand": "^0.0.1-rc.1",
        "@deepseek-ai/dsh-invariants": "^0.0.1-rc.1",
        "@deepseek-ai/dsh-llm": "^0.0.1-rc.1",
        "@deepseek-ai/dsh-scope": "^0.0.1-rc.1",
        "@deepseek-ai/dsh-session": "^0.0.1-rc.1",
        "@deepseek-ai/dsh-system-prompt": "^0.0.1-rc.1"
      }
    },
    "node_modules/@deepseek-ai/schemastery": {
      "version": "3.18.1",
      "resolved": "https://registry.npmjs.org/@deepseek-ai/schemastery/-/schemastery-3.18.1.tgz",
      "integrity": "sha512-Qn0FCSwCQnpnj6SB31I6i2sIKgKWnkbJM8O0EU91Gv2UsYVvtZTl6IA0sCwk2e2MZf5S8w5hpq9QkeVvK9qwxg==",
      "dev": true,
      "license": "MIT",
      "dependencies": {
        "@deepseek-ai/cosmokit": "^1.8.2",
        "@standard-schema/spec": "^1.1.0"
      }
    },
    "node_modules/@octokit/auth-token": {
      "version": "6.0.0",
      "resolved": "https://registry.npmjs.org/@octokit/auth-token/-/auth-token-6.0.0.tgz",
      "integrity": "sha512-P4YJBPdPSpWTQ1NU4XYdvHvXJJDxM6YwpS0FZHRgP7YFkdVxsWcpWGy/NVqlAA7PcPCnMacXlRm1y2PFZRWL/w==",
      "license": "MIT",
      "engines": {
        "node": ">= 20"
      }
    },
    "node_modules/@octokit/core": {
      "version": "7.0.7",
      "resolved": "https://registry.npmjs.org/@octokit/core/-/core-7.0.7.tgz",
      "integrity": "sha512-DcB0M3KFgr9ECI328lhBMVsyFT2DnmNucSBTqEN3exyNKUzkkpUSCHmTRcunF41Eou2TIQKW4seewri8ON9bSA==",
      "license": "MIT",
      "dependencies": {
        "@octokit/auth-token": "^6.0.0",
        "@octokit/graphql": "^9.0.4",
        "@octokit/request": "^10.0.13",
        "@octokit/request-error": "^7.1.1",
        "@octokit/types": "^17.0.0",
        "before-after-hook": "^4.0.0",
        "universal-user-agent": "^7.0.0"
      },
      "engines": {
        "node": ">= 20"
      }
    },
    "node_modules/@octokit/endpoint": {
      "version": "11.0.4",
      "resolved": "https://registry.npmjs.org/@octokit/endpoint/-/endpoint-11.0.4.tgz",
      "integrity": "sha512-f1cOWoHPmxryJFknxbtDdjODWfV8A9tc8Aae6ermXPNgHFZ/x91AtHIz4gicEjL8hkJiip+u21QHJORfBv/qiA==",
      "license": "MIT",
      "dependencies": {
        "@octokit/types": "^17.0.0",
        "universal-user-agent": "^7.0.2"
      },
      "engines": {
        "node": ">= 20"
      }
    },
    "node_modules/@octokit/graphql": {
      "version": "9.0.4",
      "resolved": "https://registry.npmjs.org/@octokit/graphql/-/graphql-9.0.4.tgz",
      "integrity": "sha512-5s15CCiY8XXQ+FG+b1YQcl6Z2FA++nwAz/tg2VUrTmnMncP+2nnGUEYANImdnxsA2Fnq+Mbl7hDjUTw7cFAwcg==",
      "license": "MIT",
      "dependencies": {
        "@octokit/request": "^10.0.13",
        "@octokit/types": "^17.0.0",
        "universal-user-agent": "^7.0.0"
      },
      "engines": {
        "node": ">= 20"
      }
    },
    "node_modules/@octokit/openapi-types": {
      "version": "28.0.0",
      "resolved": "https://registry.npmjs.org/@octokit/openapi-types/-/openapi-types-28.0.0.tgz",
      "integrity": "sha512-0rFyLuyHvIj6uuZWuDslxkowFYdPXoNIkeAv4b27dzm2Tf4vGWXnPsMcxs7d65kLdMERgP3wc1AEPlqMz8e1cQ==",
      "license": "MIT"
    },
    "node_modules/@octokit/plugin-paginate-rest": {
      "version": "14.0.0",
      "resolved": "https://registry.npmjs.org/@octokit/plugin-paginate-rest/-/plugin-paginate-rest-14.0.0.tgz",
      "integrity": "sha512-fNVRE7ufJiAA3XUrha2omTA39M6IXIc6GIZLvlbsm8QOQCYvpq/LkMNGyFlB1d8hTDzsAXa3OKtybdMAYsV/fw==",
      "license": "MIT",
      "dependencies": {
        "@octokit/types": "^16.0.0"
      },
      "engines": {
        "node": ">= 20"
      },
      "peerDependencies": {
        "@octokit/core": ">=6"
      }
    },
    "node_modules/@octokit/plugin-paginate-rest/node_modules/@octokit/openapi-types": {
      "version": "27.0.0",
      "resolved": "https://registry.npmjs.org/@octokit/openapi-types/-/openapi-types-27.0.0.tgz",
      "integrity": "sha512-whrdktVs1h6gtR+09+QsNk2+FO+49j6ga1c55YZudfEG+oKJVvJLQi3zkOm5JjiUXAagWK2tI2kTGKJ2Ys7MGA==",
      "license": "MIT"
    },
    "node_modules/@octokit/plugin-paginate-rest/node_modules/@octokit/types": {
      "version": "16.0.0",
      "resolved": "https://registry.npmjs.org/@octokit/types/-/types-16.0.0.tgz",
      "integrity": "sha512-sKq+9r1Mm4efXW1FCk7hFSeJo4QKreL/tTbR0rz/qx/r1Oa2VV83LTA/H/MuCOX7uCIJmQVRKBcbmWoySjAnSg==",
      "license": "MIT",
      "dependencies": {
        "@octokit/openapi-types": "^27.0.0"
      }
    },
    "node_modules/@octokit/plugin-rest-endpoint-methods": {
      "version": "17.0.0",
      "resolved": "https://registry.npmjs.org/@octokit/plugin-rest-endpoint-methods/-/plugin-rest-endpoint-methods-17.0.0.tgz",
      "integrity": "sha512-B5yCyIlOJFPqUUeiD0cnBJwWJO8lkJs5d8+ze9QDP6SvfiXSz1BF+91+0MeI1d2yxgOhU/O+CvtiZ9jSkHhFAw==",
      "license": "MIT",
      "dependencies": {
        "@octokit/types": "^16.0.0"
      },
      "engines": {
        "node": ">= 20"
      },
      "peerDependencies": {
        "@octokit/core": ">=6"
      }
    },
    "node_modules/@octokit/plugin-rest-endpoint-methods/node_modules/@octokit/openapi-types": {
      "version": "27.0.0",
      "resolved": "https://registry.npmjs.org/@octokit/openapi-types/-/openapi-types-27.0.0.tgz",
      "integrity": "sha512-whrdktVs1h6gtR+09+QsNk2+FO+49j6ga1c55YZudfEG+oKJVvJLQi3zkOm5JjiUXAagWK2tI2kTGKJ2Ys7MGA==",
      "license": "MIT"
    },
    "node_modules/@octokit/plugin-rest-endpoint-methods/node_modules/@octokit/types": {
      "version": "16.0.0",
      "resolved": "https://registry.npmjs.org/@octokit/types/-/types-16.0.0.tgz",
      "integrity": "sha512-sKq+9r1Mm4efXW1FCk7hFSeJo4QKreL/tTbR0rz/qx/r1Oa2VV83LTA/H/MuCOX7uCIJmQVRKBcbmWoySjAnSg==",
      "license": "MIT",
      "dependencies": {
        "@octokit/openapi-types": "^27.0.0"
      }
    },
    "node_modules/@octokit/request": {
      "version": "10.0.15",
      "resolved": "https://registry.npmjs.org/@octokit/request/-/request-10.0.15.tgz",
      "integrity": "sha512-3CBg9aJ0hO9Pjyij8LbK/xYtEaPws9SW7xKz67daPNxQB1q5Y9OMA7DDOG0A6Hwf9ygGu3tvzusg0LXQ8/wAjA==",
      "license": "MIT",
      "dependencies": {
        "@octokit/endpoint": "^11.0.3",
        "@octokit/request-error": "^7.1.1",
        "@octokit/types": "^17.0.0",
        "content-type": "^3.0.0",
        "json-with-bigint": "^3.5.12",
        "universal-user-agent": "^7.0.2"
      },
      "engines": {
        "node": ">= 20"
      }
    },
    "node_modules/@octokit/request-error": {
      "version": "7.1.1",
      "resolved": "https://registry.npmjs.org/@octokit/request-error/-/request-error-7.1.1.tgz",
      "integrity": "sha512-+eaY7G2VVpSf2pc5Gn1+mph837V/d/TYTJAgWL9Tb0ogGYcpN3IlAVFgjL+Vv93F/sevrxkvsYCedtpLdcFLzA==",
      "license": "MIT",
      "dependencies": {
        "@octokit/types": "^17.0.0"
      },
      "engines": {
        "node": ">= 20"
      }
    },
    "node_modules/@octokit/types": {
      "version": "17.0.0",
      "resolved": "https://registry.npmjs.org/@octokit/types/-/types-17.0.0.tgz",
      "integrity": "sha512-ByP1v7YL5SMveFPP7+sj0/ZuWCOOg/Chs4NafOMpq6WNIM/hdGY0S7C0TCGDBWu1aGmOxmUIhMx3cO+IdwYZ1Q==",
      "license": "MIT",
      "dependencies": {
        "@octokit/openapi-types": "^28.0.0"
      }
    },
    "node_modules/@standard-schema/spec": {
      "version": "1.1.0",
      "resolved": "https://registry.npmjs.org/@standard-schema/spec/-/spec-1.1.0.tgz",
      "integrity": "sha512-l2aFy5jALhniG5HgqrD6jXLi/rUWrKvqN/qJx6yoJsgKhblVd+iqqU4RCXavm/jPityDo5TCvKMnpjKnOriy0w==",
      "dev": true,
      "license": "MIT"
    },
    "node_modules/@vercel/ncc": {
      "version": "0.45.0",
      "resolved": "https://registry.npmjs.org/@vercel/ncc/-/ncc-0.45.0.tgz",
      "integrity": "sha512-8zPi1yO2mHpoKTD+e+Bf0ZT3e+sWHSOyGapm9s7b5R0gxJi3CiFTqmeQiMEyu6ejrz2s09M8JkEoUaTWjBJPQQ==",
      "dev": true,
      "license": "MIT",
      "bin": {
        "ncc": "dist/ncc/cli.js"
      }
    },
    "node_modules/argparse": {
      "version": "2.0.1",
      "resolved": "https://registry.npmjs.org/argparse/-/argparse-2.0.1.tgz",
      "integrity": "sha512-8+9WqebbFzpX9OR+Wa6O29asIogeRMzcGtAINdpMHHyAg10f05aSFVBbcEqGf/PXw1EjAZ+q2/bEBg3DvurK3Q==",
      "license": "Python-2.0"
    },
    "node_modules/before-after-hook": {
      "version": "4.0.0",
      "resolved": "https://registry.npmjs.org/before-after-hook/-/before-after-hook-4.0.0.tgz",
      "integrity": "sha512-q6tR3RPqIB1pMiTRMFcZwuG5T8vwp+vUvEG0vuI6B+Rikh5BfPp2fQ82c925FOs+b0lcFQ8CFrL+KbilfZFhOQ==",
      "license": "Apache-2.0"
    },
    "node_modules/content-type": {
      "version": "3.0.0",
      "resolved": "https://registry.npmjs.org/content-type/-/content-type-3.0.0.tgz",
      "integrity": "sha512-AIi5H6p0xk5uknXcN3/rmhP8jgp69OfSe/JuKiQAFprJ7UGw7mwj7m4XcmDzlrnJDG+cGpphAINGdU3g3g7kDw==",
      "license": "MIT",
      "engines": {
        "node": ">=22"
      },
      "funding": {
        "type": "opencollective",
        "url": "https://opencollective.com/express"
      }
    },
    "node_modules/js-yaml": {
      "version": "5.3.0",
      "resolved": "https://registry.npmjs.org/js-yaml/-/js-yaml-5.3.0.tgz",
      "integrity": "sha512-muutsYr+e2+d3rTgUGslq5rxbBlUy3cJ61IsHag2QNDQV+7zXWjkUpmALIajhrlLlrgRUiymj6U3zUr/TMK84Q==",
      "funding": [
        {
          "type": "github",
          "url": "https://github.com/sponsors/puzrin"
        },
        {
          "type": "github",
          "url": "https://github.com/sponsors/nodeca"
        }
      ],
      "license": "MIT",
      "dependencies": {
        "argparse": "^2.0.1"
      },
      "bin": {
        "js-yaml": "bin/js-yaml.mjs"
      }
    },
    "node_modules/json-with-bigint": {
      "version": "3.5.12",
      "resolved": "https://registry.npmjs.org/json-with-bigint/-/json-with-bigint-3.5.12.tgz",
      "integrity": "sha512-uwbF/wSSuOgC7qqlq27Xp5B6a2MHVug3t0idZdTqu0JnlFvgJuH7ju+KAk/J06C7GfhoYy2gnb9wz2INqcne7w==",
      "license": "MIT"
    },
    "node_modules/tunnel": {
      "version": "0.0.6",
      "resolved": "https://registry.npmjs.org/tunnel/-/tunnel-0.0.6.tgz",
      "integrity": "sha512-1h/Lnq9yajKY2PEbBadPXj3VxsDDu844OnaAo52UVmIzIvwwtBPIuNvkjuzBlTWpfJyUbG3ez0KSBibQkj4ojg==",
      "license": "MIT",
      "engines": {
        "node": ">=0.6.11 <=0.7.0 || >=0.7.3"
      }
    },
    "node_modules/undici": {
      "version": "6.28.0",
      "resolved": "https://registry.npmjs.org/undici/-/undici-6.28.0.tgz",
      "integrity": "sha512-LIY910g9TI13YS95lrMFrs8Rm/u/irgHeTWoKCoteeJ04CUJ92eEfj0rVn+7VKMPBpUPiUoBKfhNyLI23EE/KA==",
      "license": "MIT",
      "engines": {
        "node": ">=18.17"
      }
    },
    "node_modules/universal-user-agent": {
      "version": "7.0.3",
      "resolved": "https://registry.npmjs.org/universal-user-agent/-/universal-user-agent-7.0.3.tgz",
      "integrity": "sha512-TmnEAEAsBJVZM/AADELsK76llnwcf9vMKuPz8JflO1frO8Lchitr0fNaN9d+Ap0BjKtqWqd/J17qeDnXh8CL2A==",
      "license": "ISC"
    }
  }
}
